github.com/McZero/figuras v0.0.0-20220823010625-6055f57ff7c5 h1:uqV/RJ1Q/6TFInhJFqn6BK8y9BADmnoYMuQ4DJIPXdY=
github.com/McZero/figuras v0.0.0-20220823010625-6055f57ff7c5/go.mod h1:X9q9t+3zePucQsuAL1S75xsUUl/t4gQgBVQ3bGn9yDQ=
github.com/donvito/hellomod v1.0.1 h1:tOU3KDwvrGW7QUHXYQnk6YUD+92aTsRmJItJTD9f4I4=
github.com/donvito/hellomod v1.0.1/go.mod h1:DuOSvrBCwGkjX0WS5ohdpC/q67fS0Mde3LEM+2jeHSw=
